// !$*UTF8*$!
{
	archiveVersion = 1;
	classes = {
	};
	objectVersion = 46;
	objects = {

/* Begin PBXBuildFile section */
		6C241D321C5CEA6100F799EE /* AppDelegate.swift in Sources */ = {isa = PBXBuildFile; fileRef = 6C241D311C5CEA6100F799EE /* AppDelegate.swift */; };
		6C241D341C5CEA6100F799EE /* ViewController.swift in Sources */ = {isa = PBXBuildFile; fileRef = 6C241D331C5CEA6100F799EE /* ViewController.swift */; };
		6C241D361C5CEA6100F799EE /* Assets.xcassets in Resources */ = {isa = PBXBuildFile; fileRef = 6C241D351C5CEA6100F799EE /* Assets.xcassets */; };
		6C241D391C5CEA6100F799EE /* Main.storyboard in Resources */ = {isa = PBXBuildFile; fileRef = 6C241D371C5CEA6100F799EE /* Main.storyboard */; };
		6C241D441C5CEA6100F799EE /* currencyTests.swift in Sources */ = {isa = PBXBuildFile; fileRef = 6C241D431C5CEA6100F799EE /* currencyTests.swift */; };
		6C241D4F1C5CEA6100F799EE /* currencyUITests.swift in Sources */ = {isa = PBXBuildFile; fileRef = 6C241D4E1C5CEA6100F799EE /* currencyUITests.swift */; };
		6C241D631C5CEAB800F799EE /* NotificationCenter.framework in Frameworks */ = {isa = PBXBuildFile; fileRef = 6C241D621C5CEAB800F799EE /* NotificationCenter.framework */; };
		6C241D681C5CEAB800F799EE /* TodayViewController.swift in Sources */ = {isa = PBXBuildFile; fileRef = 6C241D671C5CEAB800F799EE /* TodayViewController.swift */; };
		6C241D6A1C5CEAB800F799EE /* ListRowViewController.swift in Sources */ = {isa = PBXBuildFile; fileRef = 6C241D691C5CEAB800F799EE /* ListRowViewController.swift */; };
		6C241D6D1C5CEAB800F799EE /* TodayViewController.xib in Resources */ = {isa = PBXBuildFile; fileRef = 6C241D6B1C5CEAB800F799EE /* TodayViewController.xib */; };
		6C241D701C5CEAB800F799EE /* ListRowViewController.xib in Resources */ = {isa = PBXBuildFile; fileRef = 6C241D6E1C5CEAB800F799EE /* ListRowViewController.xib */; };
		6C241D741C5CEAB800F799EE /* InfoPlist.strings in Resources */ = {isa = PBXBuildFile; fileRef = 6C241D721C5CEAB800F799EE /* InfoPlist.strings */; };
		6C241D771C5CEAB800F799EE /* widget.appex in Embed App Extensions */ = {isa = PBXBuildFile; fileRef = 6C241D601C5CEAB800F799EE /* widget.appex */; settings = {ATTRIBUTES = (RemoveHeadersOnCopy, ); }; };
/* End PBXBuildFile section */

/* Begin PBXContainerItemProxy section */
		6C241D401C5CEA6100F799EE /* PBXContainerItemProxy */ = {
			isa = PBXContainerItemProxy;
			containerPortal = 6C241D261C5CEA6100F799EE /* Project object */;
			proxyType = 1;
			remoteGlobalIDString = 6C241D2D1C5CEA6100F799EE;
			remoteInfo = currency;
		};
		6C241D4B1C5CEA6100F799EE /* PBXContainerItemProxy */ = {
			isa = PBXContainerItemProxy;
			containerPortal = 6C241D261C5CEA6100F799EE /* Project object */;
			proxyType = 1;
			remoteGlobalIDString = 6C241D2D1C5CEA6100F799EE;
			remoteInfo = currency;
		};
		6C241D751C5CEAB800F799EE /* PBXContainerItemProxy */ = {
			isa = PBXContainerItemProxy;
			containerPortal = 6C241D261C5CEA6100F799EE /* Project object */;
			proxyType = 1;
			remoteGlobalIDString = 6C241D5F1C5CEAB800F799EE;
			remoteInfo = widget;
		};
/* End PBXContainerItemProxy section */

/* Begin PBXCopyFilesBuildPhase section */
		6C241D7B1C5CEAB800F799EE /* Embed App Extensions */ = {
			isa = PBXCopyFilesBuildPhase;
			buildActionMask = 2147483647;
			dstPath = "";
			dstSubfolderSpec = 13;
			files = (
				6C241D771C5CEAB800F799EE /* widget.appex in Embed App Extensions */,
			);
			name = "Embed App Extensions";
			runOnlyForDeploymentPostprocessing = 0;
		};
/* End PBXCopyFilesBuildPhase section */

/* Begin PBXFileReference section */
		6C241D2E1C5CEA6100F799EE /* currency.app */ = {isa = PBXFileReference; explicitFileType = wrapper.application; includeInIndex = 0; path = currency.app; sourceTree = BUILT_PRODUCTS_DIR; };
		6C241D311C5CEA6100F799EE /* AppDelegate.swift */ = {isa = PBXFileReference; lastKnownFileType = sourcecode.swift; path = AppDelegate.swift; sourceTree = "<group>"; };
		6C241D331C5CEA6100F799EE /* ViewController.swift */ = {isa = PBXFileReference; lastKnownFileType = sourcecode.swift; path = ViewController.swift; sourceTree = "<group>"; };
		6C241D351C5CEA6100F799EE /* Assets.xcassets */ = {isa = PBXFileReference; lastKnownFileType = folder.assetcatalog; path = Assets.xcassets; sourceTree = "<group>"; };
		6C241D381C5CEA6100F799EE /* Base */ = {isa = PBXFileReference; lastKnownFileType = file.storyboard; name = Base; path = Base.lproj/Main.storyboard; sourceTree = "<group>"; };
		6C241D3A1C5CEA6100F799EE /* Info.plist */ = {isa = PBXFileReference; lastKnownFileType = text.plist.xml; path = Info.plist; sourceTree = "<group>"; };
		6C241D3F1C5CEA6100F799EE /* currencyTests.xctest */ = {isa = PBXFileReference; explicitFileType = wrapper.cfbundle; includeInIndex = 0; path = currencyTests.xctest; sourceTree = BUILT_PRODUCTS_DIR; };
		6C241D431C5CEA6100F799EE /* currencyTests.swift */ = {isa = PBXFileReference; lastKnownFileType = sourcecode.swift; path = currencyTests.swift; sourceTree = "<group>"; };
		6C241D451C5CEA6100F799EE /* Info.plist */ = {isa = PBXFileReference; lastKnownFileType = text.plist.xml; path = Info.plist; sourceTree = "<group>"; };
		6C241D4A1C5CEA6100F799EE /* currencyUITests.xctest */ = {isa = PBXFileReference; explicitFileType = wrapper.cfbundle; includeInIndex = 0; path = currencyUITests.xctest; sourceTree = BUILT_PRODUCTS_DIR; };
		6C241D4E1C5CEA6100F799EE /* currencyUITests.swift */ = {isa = PBXFileReference; lastKnownFileType = sourcecode.swift; path = currencyUITests.swift; sourceTree = "<group>"; };
		6C241D501C5CEA6100F799EE /* Info.plist */ = {isa = PBXFileReference; lastKnownFileType = text.plist.xml; path = Info.plist; sourceTree = "<group>"; };
		6C241D601C5CEAB800F799EE /* widget.appex */ = {isa = PBXFileReference; explicitFileType = "wrapper.app-extension"; includeInIndex = 0; path = widget.appex; sourceTree = BUILT_PRODUCTS_DIR; };
		6C241D621C5CEAB800F799EE /* NotificationCenter.framework */ = {isa = PBXFileReference; lastKnownFileType = wrapper.framework; name = NotificationCenter.framework; path = System/Library/Frameworks/NotificationCenter.framework; sourceTree = SDKROOT; };
		6C241D661C5CEAB800F799EE /* widget.entitlements */ = {isa = PBXFileReference; lastKnownFileType = text.xml; path = widget.entitlements; sourceTree = "<group>"; };
		6C241D671C5CEAB800F799EE /* TodayViewController.swift */ = {isa = PBXFileReference; lastKnownFileType = sourcecode.swift; path = TodayViewController.swift; sourceTree = "<group>"; };
		6C241D691C5CEAB800F799EE /* ListRowViewController.swift */ = {isa = PBXFileReference; lastKnownFileType = sourcecode.swift; path = ListRowViewController.swift; sourceTree = "<group>"; };
		6C241D6C1C5CEAB800F799EE /* Base */ = {isa = PBXFileReference; lastKnownFileType = file.xib; name = Base; path = Base.lproj/TodayViewController.xib; sourceTree = "<group>"; };
		6C241D6F1C5CEAB800F799EE /* Base */ = {isa = PBXFileReference; lastKnownFileType = file.xib; name = Base; path = Base.lproj/ListRowViewController.xib; sourceTree = "<group>"; };
		6C241D711C5CEAB800F799EE /* Info.plist */ = {isa = PBXFileReference; lastKnownFileType = text.plist.xml; path = Info.plist; sourceTree = "<group>"; };
		6C241D731C5CEAB800F799EE /* en */ = {isa = PBXFileReference; lastKnownFileType = text.plist.strings; name = en; path = en.lproj/InfoPlist.strings; sourceTree = "<group>"; };
/* End PBXFileReference section */

/* Begin PBXFrameworksBuildPhase section */
		6C241D2B1C5CEA6100F799EE /* Frameworks */ = {
			isa = PBXFrameworksBuildPhase;
			buildActionMask = 2147483647;
			files = (
			);
			runOnlyForDeploymentPostprocessing = 0;
		};
		6C241D3C1C5CEA6100F799EE /* Frameworks */ = {
			isa = PBXFrameworksBuildPhase;
			buildActionMask = 2147483647;
			files = (
			);
			runOnlyForDeploymentPostprocessing = 0;
		};
		6C241D471C5CEA6100F799EE /* Frameworks */ = {
			isa = PBXFrameworksBuildPhase;
			buildActionMask = 2147483647;
			files = (
			);
			runOnlyForDeploymentPostprocessing = 0;
		};
		6C241D5D1C5CEAB800F799EE /* Frameworks */ = {
			isa = PBXFrameworksBuildPhase;
			buildActionMask = 2147483647;
			files = (
				6C241D631C5CEAB800F799EE /* NotificationCenter.framework in Frameworks */,
			);
			runOnlyForDeploymentPostprocessing = 0;
		};
/* End PBXFrameworksBuildPhase section */

/* Begin PBXGroup section */
		6C241D251C5CEA6100F799EE = {
			isa = PBXGroup;
			children = (
				6C241D301C5CEA6100F799EE /* currency */,
				6C241D421C5CEA6100F799EE /* currencyTests */,
				6C241D4D1C5CEA6100F799EE /* currencyUITests */,
				6C241D641C5CEAB800F799EE /* widget */,
				6C241D611C5CEAB800F799EE /* Frameworks */,
				6C241D2F1C5CEA6100F799EE /* Products */,
			);
			sourceTree = "<group>";
		};
		6C241D2F1C5CEA6100F799EE /* Products */ = {
			isa = PBXGroup;
			children = (
				6C241D2E1C5CEA6100F799EE /* currency.app */,
				6C241D3F1C5CEA6100F799EE /* currencyTests.xctest */,
				6C241D4A1C5CEA6100F799EE /* currencyUITests.xctest */,
				6C241D601C5CEAB800F799EE /* widget.appex */,
			);
			name = Products;
			sourceTree = "<group>";
		};
		6C241D301C5CEA6100F799EE /* currency */ = {
			isa = PBXGroup;
			children = (
				6C241D311C5CEA6100F799EE /* AppDelegate.swift */,
				6C241D331C5CEA6100F799EE /* ViewController.swift */,
				6C241D351C5CEA6100F799EE /* Assets.xcassets */,
				6C241D371C5CEA6100F799EE /* Main.storyboard */,
				6C241D3A1C5CEA6100F799EE /* Info.plist */,
			);
			path = currency;
			sourceTree = "<group>";
		};
		6C241D421C5CEA6100F799EE /* currencyTests */ = {
			isa = PBXGroup;
			children = (
				6C241D431C5CEA6100F799EE /* currencyTests.swift */,
				6C241D451C5CEA6100F799EE /* Info.plist */,
			);
			path = currencyTests;
			sourceTree = "<group>";
		};
		6C241D4D1C5CEA6100F799EE /* currencyUITests */ = {
			isa = PBXGroup;
			children = (
				6C241D4E1C5CEA6100F799EE /* currencyUITests.swift */,
				6C241D501C5CEA6100F799EE /* Info.plist */,
			);
			path = currencyUITests;
			sourceTree = "<group>";
		};
		6C241D611C5CEAB800F799EE /* Frameworks */ = {
			isa = PBXGroup;
			children = (
				6C241D621C5CEAB800F799EE /* NotificationCenter.framework */,
			);
			name = Frameworks;
			sourceTree = "<group>";
		};
		6C241D641C5CEAB800F799EE /* widget */ = {
			isa = PBXGroup;
			children = (
				6C241D671C5CEAB800F799EE /* TodayViewController.swift */,
				6C241D691C5CEAB800F799EE /* ListRowViewController.swift */,
				6C241D6B1C5CEAB800F799EE /* TodayViewController.xib */,
				6C241D6E1C5CEAB800F799EE /* ListRowViewController.xib */,
				6C241D711C5CEAB800F799EE /* Info.plist */,
				6C241D721C5CEAB800F799EE /* InfoPlist.strings */,
				6C241D651C5CEAB800F799EE /* Supporting Files */,
			);
			path = widget;
			sourceTree = "<group>";
		};
		6C241D651C5CEAB800F799EE /* Supporting Files */ = {
			isa = PBXGroup;
			children = (
				6C241D661C5CEAB800F799EE /* widget.entitlements */,
			);
			name = "Supporting Files";
			sourceTree = "<group>";
		};
/* End PBXGroup section */

/* Begin PBXNativeTarget section */
		6C241D2D1C5CEA6100F799EE /* currency */ = {
			isa = PBXNativeTarget;
			buildConfigurationList = 6C241D531C5CEA6100F799EE /* Build configuration list for PBXNativeTarget "currency" */;
			buildPhases = (
				6C241D2A1C5CEA6100F799EE /* Sources */,
				6C241D2B1C5CEA6100F799EE /* Frameworks */,
				6C241D2C1C5CEA6100F799EE /* Resources */,
				6C241D7B1C5CEAB800F799EE /* Embed App Extensions */,
			);
			buildRules = (
			);
			dependencies = (
				6C241D761C5CEAB800F799EE /* PBXTargetDependency */,
			);
			name = currency;
			productName = currency;
			productReference = 6C241D2E1C5CEA6100F799EE /* currency.app */;
			productType = "com.apple.product-type.application";
		};
		6C241D3E1C5CEA6100F799EE /* currencyTests */ = {
			isa = PBXNativeTarget;
			buildConfigurationList = 6C241D561C5CEA6100F799EE /* Build configuration list for PBXNativeTarget "currencyTests" */;
			buildPhases = (
				6C241D3B1C5CEA6100F799EE /* Sources */,
				6C241D3C1C5CEA6100F799EE /* Frameworks */,
				6C241D3D1C5CEA6100F799EE /* Resources */,
			);
			buildRules = (
			);
			dependencies = (
				6C241D411C5CEA6100F799EE /* PBXTargetDependency */,
			);
			name = currencyTests;
			productName = currencyTests;
			productReference = 6C241D3F1C5CEA6100F799EE /* currencyTests.xctest */;
			productType = "com.apple.product-type.bundle.unit-test";
		};
		6C241D491C5CEA6100F799EE /* currencyUITests */ = {
			isa = PBXNativeTarget;
			buildConfigurationList = 6C241D591C5CEA6100F799EE /* Build configuration list for PBXNativeTarget "currencyUITests" */;
			buildPhases = (
				6C241D461C5CEA6100F799EE /* Sources */,
				6C241D471C5CEA6100F799EE /* Frameworks */,
				6C241D481C5CEA6100F799EE /* Resources */,
			);
			buildRules = (
			);
			dependencies = (
				6C241D4C1C5CEA6100F799EE /* PBXTargetDependency */,
			);
			name = currencyUITests;
			productName = currencyUITests;
			productReference = 6C241D4A1C5CEA6100F799EE /* currencyUITests.xctest */;
			productType = "com.apple.product-type.bundle.ui-testing";
		};
		6C241D5F1C5CEAB800F799EE /* widget */ = {
			isa = PBXNativeTarget;
			buildConfigurationList = 6C241D781C5CEAB800F799EE /* Build configuration list for PBXNativeTarget "widget" */;
			buildPhases = (
				6C241D5C1C5CEAB800F799EE /* Sources */,
				6C241D5D1C5CEAB800F799EE /* Frameworks */,
				6C241D5E1C5CEAB800F799EE /* Resources */,
			);
			buildRules = (
			);
			dependencies = (
			);
			name = widget;
			productName = widget;
			productReference = 6C241D601C5CEAB800F799EE /* widget.appex */;
			productType = "com.apple.product-type.app-extension";
		};
/* End PBXNativeTarget section */

/* Begin PBXProject section */
		6C241D261C5CEA6100F799EE /* Project object */ = {
			isa = PBXProject;
			attributes = {
				LastSwiftUpdateCheck = 0720;
				LastUpgradeCheck = 0720;
				ORGANIZATIONNAME = "Andrey Dolgov";
				TargetAttributes = {
					6C241D2D1C5CEA6100F799EE = {
						CreatedOnToolsVersion = 7.2;
					};
					6C241D3E1C5CEA6100F799EE = {
						CreatedOnToolsVersion = 7.2;
						TestTargetID = 6C241D2D1C5CEA6100F799EE;
					};
					6C241D491C5CEA6100F799EE = {
						CreatedOnToolsVersion = 7.2;
						TestTargetID = 6C241D2D1C5CEA6100F799EE;
					};
					6C241D5F1C5CEAB800F799EE = {
						CreatedOnToolsVersion = 7.2;
					};
				};
			};
			buildConfigurationList = 6C241D291C5CEA6100F799EE /* Build configuration list for PBXProject "currency" */;
			compatibilityVersion = "Xcode 3.2";
			developmentRegion = English;
			hasScannedForEncodings = 0;
			knownRegions = (
				en,
				Base,
			);
			mainGroup = 6C241D251C5CEA6100F799EE;
			productRefGroup = 6C241D2F1C5CEA6100F799EE /* Products */;
			projectDirPath = "";
			projectRoot = "";
			targets = (
				6C241D2D1C5CEA6100F799EE /* currency */,
				6C241D3E1C5CEA6100F799EE /* currencyTests */,
				6C241D491C5CEA6100F799EE /* currencyUITests */,
				6C241D5F1C5CEAB800F799EE /* widget */,
			);
		};
/* End PBXProject section */

/* Begin PBXResourcesBuildPhase section */
		6C241D2C1C5CEA6100F799EE /* Resources */ = {
			isa = PBXResourcesBuildPhase;
			buildActionMask = 2147483647;
			files = (
				6C241D361C5CEA6100F799EE /* Assets.xcassets in Resources */,
				6C241D391C5CEA6100F799EE /* Main.storyboard in Resources */,
			);
			runOnlyForDeploymentPostprocessing = 0;
		};
		6C241D3D1C5CEA6100F799EE /* Resources */ = {
			isa = PBXResourcesBuildPhase;
			buildActionMask = 2147483647;
			files = (
			);
			runOnlyForDeploymentPostprocessing = 0;
		};
		6C241D481C5CEA6100F799EE /* Resources */ = {
			isa = PBXResourcesBuildPhase;
			buildActionMask = 2147483647;
			files = (
			);
			runOnlyForDeploymentPostprocessing = 0;
		};
		6C241D5E1C5CEAB800F799EE /* Resources */ = {
			isa = PBXResourcesBuildPhase;
			buildActionMask = 2147483647;
			files = (
				6C241D6D1C5CEAB800F799EE /* TodayViewController.xib in Resources */,
				6C241D741C5CEAB800F799EE /* InfoPlist.strings in Resources */,
				6C241D701C5CEAB800F799EE /* ListRowViewController.xib in Resources */,
			);
			runOnlyForDeploymentPostprocessing = 0;
		};
/* End PBXResourcesBuildPhase section */

/* Begin PBXSourcesBuildPhase section */
		6C241D2A1C5CEA6100F799EE /* Sources */ = {
			isa = PBXSourcesBuildPhase;
			buildActionMask = 2147483647;
			files = (
				6C241D341C5CEA6100F799EE /* ViewController.swift in Sources */,
				6C241D321C5CEA6100F799EE /* AppDelegate.swift in Sources */,
			);
			runOnlyForDeploymentPostprocessing = 0;
		};
		6C241D3B1C5CEA6100F799EE /* Sources */ = {
			isa = PBXSourcesBuildPhase;
			buildActionMask = 2147483647;
			files = (
				6C241D441C5CEA6100F799EE /* currencyTests.swift in Sources */,
			);
			runOnlyForDeploymentPostprocessing = 0;
		};
		6C241D461C5CEA6100F799EE /* Sources */ = {
			isa = PBXSourcesBuildPhase;
			buildActionMask = 2147483647;
			files = (
				6C241D4F1C5CEA6100F799EE /* currencyUITests.swift in Sources */,
			);
			runOnlyForDeploymentPostprocessing = 0;
		};
		6C241D5C1C5CEAB800F799EE /* Sources */ = {
			isa = PBXSourcesBuildPhase;
			buildActionMask = 2147483647;
			files = (
				6C241D681C5CEAB800F799EE /* TodayViewController.swift in Sources */,
				6C241D6A1C5CEAB800F799EE /* ListRowViewController.swift in Sources */,
			);
			runOnlyForDeploymentPostprocessing = 0;
		};
/* End PBXSourcesBuildPhase section */

/* Begin PBXTargetDependency section */
		6C241D411C5CEA6100F799EE /* PBXTargetDependency */ = {
			isa = PBXTargetDependency;
			target = 6C241D2D1C5CEA6100F799EE /* currency */;
			targetProxy = 6C241D401C5CEA6100F799EE /* PBXContainerItemProxy */;
		};
		6C241D4C1C5CEA6100F799EE /* PBXTargetDependency */ = {
			isa = PBXTargetDependency;
			target = 6C241D2D1C5CEA6100F799EE /* currency */;
			targetProxy = 6C241D4B1C5CEA6100F799EE /* PBXContainerItemProxy */;
		};
		6C241D761C5CEAB800F799EE /* PBXTargetDependency */ = {
			isa = PBXTargetDependency;
			target = 6C241D5F1C5CEAB800F799EE /* widget */;
			targetProxy = 6C241D751C5CEAB800F799EE /* PBXContainerItemProxy */;
		};
/* End PBXTargetDependency section */

/* Begin PBXVariantGroup section */
		6C241D371C5CEA6100F799EE /* Main.storyboard */ = {
			isa = PBXVariantGroup;
			children = (
				6C241D381C5CEA6100F799EE /* Base */,
			);
			name = Main.storyboard;
			sourceTree = "<group>";
		};
		6C241D6B1C5CEAB800F799EE /* TodayViewController.xib */ = {
			isa = PBXVariantGroup;
			children = (
				6C241D6C1C5CEAB800F799EE /* Base */,
			);
			name = TodayViewController.xib;
			sourceTree = "<group>";
		};
		6C241D6E1C5CEAB800F799EE /* ListRowViewController.xib */ = {
			isa = PBXVariantGroup;
			children = (
				6C241D6F1C5CEAB800F799EE /* Base */,
			);
			name = ListRowViewController.xib;
			sourceTree = "<group>";
		};
		6C241D721C5CEAB800F799EE /* InfoPlist.strings */ = {
			isa = PBXVariantGroup;
			children = (
				6C241D731C5CEAB800F799EE /* en */,
			);
			name = InfoPlist.strings;
			sourceTree = "<group>";
		};
/* End PBXVariantGroup section */

/* Begin XCBuildConfiguration section */
		6C241D511C5CEA6100F799EE /* Debug */ = {
			isa = XCBuildConfiguration;
			buildSettings = {
				ALWAYS_SEARCH_USER_PATHS = NO;
				CLANG_CXX_LANGUAGE_STANDARD = "gnu++0x";
				CLANG_CXX_LIBRARY = "libc++";
				CLANG_ENABLE_MODULES = YES;
				CLANG_ENABLE_OBJC_ARC = YES;
				CLANG_WARN_BOOL_CONVERSION = YES;
				CLANG_WARN_CONSTANT_CONVERSION = YES;
				CLANG_WARN_DIRECT_OBJC_ISA_USAGE = YES_ERROR;
				CLANG_WARN_EMPTY_BODY = YES;
				CLANG_WARN_ENUM_CONVERSION = YES;
				CLANG_WARN_INT_CONVERSION = YES;
				CLANG_WARN_OBJC_ROOT_CLASS = YES_ERROR;
				CLANG_WARN_UNREACHABLE_CODE = YES;
				CLANG_WARN__DUPLICATE_METHOD_MATCH = YES;
				CODE_SIGN_IDENTITY = "-";
				COPY_PHASE_STRIP = NO;
				DEBUG_INFORMATION_FORMAT = dwarf;
				ENABLE_STRICT_OBJC_MSGSEND = YES;
				ENABLE_TESTABILITY = YES;
				GCC_C_LANGUAGE_STANDARD = gnu99;
				GCC_DYNAMIC_NO_PIC = NO;
				GCC_NO_COMMON_BLOCKS = YES;
				GCC_OPTIMIZATION_LEVEL = 0;
				GCC_PREPROCESSOR_DEFINITIONS = (
					"DEBUG=1",
					"$(inherited)",
				);
				GCC_WARN_64_TO_32_BIT_CONVERSION = YES;
				GCC_WARN_ABOUT_RETURN_TYPE = YES_ERROR;
				GCC_WARN_UNDECLARED_SELECTOR = YES;
				GCC_WARN_UNINITIALIZED_AUTOS = YES_AGGRESSIVE;
				GCC_WARN_UNUSED_FUNCTION = YES;
				GCC_WARN_UNUSED_VARIABLE = YES;
				MACOSX_DEPLOYMENT_TARGET = 10.11;
				MTL_ENABLE_DEBUG_INFO = YES;
				ONLY_ACTIVE_ARCH = YES;
				SDKROOT = macosx;
				SWIFT_OPTIMIZATION_LEVEL = "-Onone";
			};
			name = Debug;
		};
		6C241D521C5CEA6100F799EE /* Release */ = {
			isa = XCBuildConfiguration;
			buildSettings = {
				ALWAYS_SEARCH_USER_PATHS = NO;
				CLANG_CXX_LANGUAGE_STANDARD = "gnu++0x";
				CLANG_CXX_LIBRARY = "libc++";
				CLANG_ENABLE_MODULES = YES;
				CLANG_ENABLE_OBJC_ARC = YES;
				CLANG_WARN_BOOL_CONVERSION = YES;
				CLANG_WARN_CONSTANT_CONVERSION = YES;
				CLANG_WARN_DIRECT_OBJC_ISA_USAGE = YES_ERROR;
				CLANG_WARN_EMPTY_BODY = YES;
				CLANG_WARN_ENUM_CONVERSION = YES;
				CLANG_WARN_INT_CONVERSION = YES;
				CLANG_WARN_OBJC_ROOT_CLASS = YES_ERROR;
				CLANG_WARN_UNREACHABLE_CODE = YES;
				CLANG_WARN__DUPLICATE_METHOD_MATCH = YES;
				CODE_SIGN_IDENTITY = "-";
				COPY_PHASE_STRIP = NO;
				DEBUG_INFORMATION_FORMAT = "dwarf-with-dsym";
				ENABLE_NS_ASSERTIONS = NO;
				ENABLE_STRICT_OBJC_MSGSEND = YES;
				GCC_C_LANGUAGE_STANDARD = gnu99;
				GCC_NO_COMMON_BLOCKS = YES;
				GCC_WARN_64_TO_32_BIT_CONVERSION = YES;
				GCC_WARN_ABOUT_RETURN_TYPE = YES_ERROR;
				GCC_WARN_UNDECLARED_SELECTOR = YES;
				GCC_WARN_UNINITIALIZED_AUTOS = YES_AGGRESSIVE;
				GCC_WARN_UNUSED_FUNCTION = YES;
				GCC_WARN_UNUSED_VARIABLE = YES;
				MACOSX_DEPLOYMENT_TARGET = 10.11;
				MTL_ENABLE_DEBUG_INFO = NO;
				SDKROOT = macosx;
			};
			name = Release;
		};
		6C241D541C5CEA6100F799EE /* Debug */ = {
			isa = XCBuildConfiguration;
			buildSettings = {
				ASSETCATALOG_COMPILER_APPICON_NAME = AppIcon;
				COMBINE_HIDPI_IMAGES = YES;
				EMBEDDED_CONTENT_CONTAINS_SWIFT = YES;
				INFOPLIST_FILE = currency/Info.plist;
				LD_RUNPATH_SEARCH_PATHS = "$(inherited) @executable_path/../Frameworks";
				PRODUCT_BUNDLE_IDENTIFIER = tekdel.currency;
				PRODUCT_NAME = "$(TARGET_NAME)";
			};
			name = Debug;
		};
		6C241D551C5CEA6100F799EE /* Release */ = {
			isa = XCBuildConfiguration;
			buildSettings = {
				ASSETCATALOG_COMPILER_APPICON_NAME = AppIcon;
				COMBINE_HIDPI_IMAGES = YES;
				EMBEDDED_CONTENT_CONTAINS_SWIFT = YES;
				INFOPLIST_FILE = currency/Info.plist;
				LD_RUNPATH_SEARCH_PATHS = "$(inherited) @executable_path/../Frameworks";
				PRODUCT_BUNDLE_IDENTIFIER = tekdel.currency;
				PRODUCT_NAME = "$(TARGET_NAME)";
			};
			name = Release;
		};
		6C241D571C5CEA6100F799EE /* Debug */ = {
			isa = XCBuildConfiguration;
			buildSettings = {
				BUNDLE_LOADER = "$(TEST_HOST)";
				COMBINE_HIDPI_IMAGES = YES;
				INFOPLIST_FILE = currencyTests/Info.plist;
				LD_RUNPATH_SEARCH_PATHS = "$(inherited) @executable_path/../Frameworks @loader_path/../Frameworks";
				PRODUCT_BUNDLE_IDENTIFIER = tekdel.currencyTests;
				PRODUCT_NAME = "$(TARGET_NAME)";
				TEST_HOST = "$(BUILT_PRODUCTS_DIR)/currency.app/Contents/MacOS/currency";
			};
			name = Debug;
		};
		6C241D581C5CEA6100F799EE /* Release */ = {
			isa = XCBuildConfiguration;
			buildSettings = {
				BUNDLE_LOADER = "$(TEST_HOST)";
				COMBINE_HIDPI_IMAGES = YES;
				INFOPLIST_FILE = currencyTests/Info.plist;
				LD_RUNPATH_SEARCH_PATHS = "$(inherited) @executable_path/../Frameworks @loader_path/../Frameworks";
				PRODUCT_BUNDLE_IDENTIFIER = tekdel.currencyTests;
				PRODUCT_NAME = "$(TARGET_NAME)";
				TEST_HOST = "$(BUILT_PRODUCTS_DIR)/currency.app/Contents/MacOS/currency";
			};
			name = Release;
		};
		6C241D5A1C5CEA6100F799EE /* Debug */ = {
			isa = XCBuildConfiguration;
			buildSettings = {
				COMBINE_HIDPI_IMAGES = YES;
				INFOPLIST_FILE = currencyUITests/Info.plist;
				LD_RUNPATH_SEARCH_PATHS = "$(inherited) @executable_path/../Frameworks @loader_path/../Frameworks";
				PRODUCT_BUNDLE_IDENTIFIER = tekdel.currencyUITests;
				PRODUCT_NAME = "$(TARGET_NAME)";
				TEST_TARGET_NAME = currency;
				USES_XCTRUNNER = YES;
			};
			name = Debug;
		};
		6C241D5B1C5CEA6100F799EE /* Release */ = {
			isa = XCBuildConfiguration;
			buildSettings = {
				COMBINE_HIDPI_IMAGES = YES;
				INFOPLIST_FILE = currencyUITests/Info.plist;
				LD_RUNPATH_SEARCH_PATHS = "$(inherited) @executable_path/../Frameworks @loader_path/../Frameworks";
				PRODUCT_BUNDLE_IDENTIFIER = tekdel.currencyUITests;
				PRODUCT_NAME = "$(TARGET_NAME)";
				TEST_TARGET_NAME = currency;
				USES_XCTRUNNER = YES;
			};
			name = Release;
		};
		6C241D791C5CEAB800F799EE /* Debug */ = {
			isa = XCBuildConfiguration;
			buildSettings = {
				CODE_SIGN_ENTITLEMENTS = widget/widget.entitlements;
				COMBINE_HIDPI_IMAGES = YES;
				INFOPLIST_FILE = widget/Info.plist;
				LD_RUNPATH_SEARCH_PATHS = "$(inherited) @executable_path/../Frameworks @executable_path/../../../../Frameworks";
				PRODUCT_BUNDLE_IDENTIFIER = tekdel.currency.widget;
				PRODUCT_NAME = "$(TARGET_NAME)";
				SKIP_INSTALL = YES;
			};
			name = Debug;
		};
		6C241D7A1C5CEAB800F799EE /* Release */ = {
			isa = XCBuildConfiguration;
			buildSettings = {
				CODE_SIGN_ENTITLEMENTS = widget/widget.entitlements;
				COMBINE_HIDPI_IMAGES = YES;
				INFOPLIST_FILE = widget/Info.plist;
				LD_RUNPATH_SEARCH_PATHS = "$(inherited) @executable_path/../Frameworks @executable_path/../../../../Frameworks";
				PRODUCT_BUNDLE_IDENTIFIER = tekdel.currency.widget;
				PRODUCT_NAME = "$(TARGET_NAME)";
				SKIP_INSTALL = YES;
			};
			name = Release;
		};
/* End XCBuildConfiguration section */

/* Begin XCConfigurationList section */
		6C241D291C5CEA6100F799EE /* Build configuration list for PBXProject "currency" */ = {
			isa = XCConfigurationList;
			buildConfigurations = (
				6C241D511C5CEA6100F799EE /* Debug */,
				6C241D521C5CEA6100F799EE /* Release */,
			);
			defaultConfigurationIsVisible = 0;
			defaultConfigurationName = Release;
		};
		6C241D531C5CEA6100F799EE /* Build configuration list for PBXNativeTarget "currency" */ = {
			isa = XCConfigurationList;
			buildConfigurations = (
				6C241D541C5CEA6100F799EE /* Debug */,
				6C241D551C5CEA6100F799EE /* Release */,
			);
			defaultConfigurationIsVisible = 0;
		};
		6C241D561C5CEA6100F799EE /* Build configuration list for PBXNativeTarget "currencyTests" */ = {
			isa = XCConfigurationList;
			buildConfigurations = (
				6C241D571C5CEA6100F799EE /* Debug */,
				6C241D581C5CEA6100F799EE /* Release */,
			);
			defaultConfigurationIsVisible = 0;
		};
		6C241D591C5CEA6100F799EE /* Build configuration list for PBXNativeTarget "currencyUITests" */ = {
			isa = XCConfigurationList;
			buildConfigurations = (
				6C241D5A1C5CEA6100F799EE /* Debug */,
				6C241D5B1C5CEA6100F799EE /* Release */,
			);
			defaultConfigurationIsVisible = 0;
		};
		6C241D781C5CEAB800F799EE /* Build configuration list for PBXNativeTarget "widget" */ = {
			isa = XCConfigurationList;
			buildConfigurations = (
				6C241D791C5CEAB800F799EE /* Debug */,
				6C241D7A1C5CEAB800F799EE /* Release */,
			);
			defaultConfigurationIsVisible = 0;
		};
/* End XCConfigurationList section */
	};
	rootObject = 6C241D261C5CEA6100F799EE /* Project object */;
}
